// !$*UTF8*$!
{
	archiveVersion = 1;
	classes = {
	};
	objectVersion = 48;
	objects = {

/* Begin PBXBuildFile section */
		6C077F05207A433500CB5939 /* substitude.c in Sources */ = {isa = PBXBuildFile; fileRef = 6C077F04207A433500CB5939 /* substitude.c */; };
		6C077F08207A43C600CB5939 /* calculate.c in Sources */ = {isa = PBXBuildFile; fileRef = 6C077F07207A43C600CB5939 /* calculate.c */; };
		6C268453208A373E00FDF9A0 /* wavedealer.c in Sources */ = {isa = PBXBuildFile; fileRef = 6C268452208A373E00FDF9A0 /* wavedealer.c */; };
		6CE3BD592065056700F78A0B /* main.c in Sources */ = {isa = PBXBuildFile; fileRef = 6CE3BD582065056700F78A0B /* main.c */; };
/* End PBXBuildFile section */

/* Begin PBXCopyFilesBuildPhase section */
		6CE3BD532065056700F78A0B /* CopyFiles */ = {
			isa = PBXCopyFilesBuildPhase;
			buildActionMask = 2147483647;
			dstPath = /usr/share/man/man1/;
			dstSubfolderSpec = 0;
			files = (
			);
			runOnlyForDeploymentPostprocessing = 1;
		};
/* End PBXCopyFilesBuildPhase section */

/* Begin PBXFileReference section */
		6C077F02207A410600CB5939 /* main.h */ = {isa = PBXFileReference; lastKnownFileType = sourcecode.c.h; path = main.h; sourceTree = "<group>"; };
		6C077F03207A433500CB5939 /* substitude.h */ = {isa = PBXFileReference; lastKnownFileType = sourcecode.c.h; path = substitude.h; sourceTree = "<group>"; };
		6C077F04207A433500CB5939 /* substitude.c */ = {isa = PBXFileReference; lastKnownFileType = sourcecode.c.c; path = substitude.c; sourceTree = "<group>"; };
		6C077F06207A43C600CB5939 /* calculate.h */ = {isa = PBXFileReference; lastKnownFileType = sourcecode.c.h; path = calculate.h; sourceTree = "<group>"; };
		6C077F07207A43C600CB5939 /* calculate.c */ = {isa = PBXFileReference; lastKnownFileType = sourcecode.c.c; path = calculate.c; sourceTree = "<group>"; };
		6C268451208A373E00FDF9A0 /* wavedealer.h */ = {isa = PBXFileReference; lastKnownFileType = sourcecode.c.h; path = wavedealer.h; sourceTree = "<group>"; };
		6C268452208A373E00FDF9A0 /* wavedealer.c */ = {isa = PBXFileReference; lastKnownFileType = sourcecode.c.c; path = wavedealer.c; sourceTree = "<group>"; };
		6CE3BD552065056700F78A0B /* 8_bit_synth */ = {isa = PBXFileReference; explicitFileType = "compiled.mach-o.executable"; includeInIndex = 0; path = 8_bit_synth; sourceTree = BUILT_PRODUCTS_DIR; };
		6CE3BD582065056700F78A0B /* main.c */ = {isa = PBXFileReference; lastKnownFileType = sourcecode.c.c; path = main.c; sourceTree = "<group>"; };
/* End PBXFileReference section */

/* Begin PBXFrameworksBuildPhase section */
		6CE3BD522065056700F78A0B /* Frameworks */ = {
			isa = PBXFrameworksBuildPhase;
			buildActionMask = 2147483647;
			files = (
			);
			runOnlyForDeploymentPostprocessing = 0;
		};
/* End PBXFrameworksBuildPhase section */

/* Begin PBXGroup section */
		6CE3BD4C2065056700F78A0B = {
			isa = PBXGroup;
			children = (
				6CE3BD572065056700F78A0B /* 8_bit_synth */,
				6CE3BD562065056700F78A0B /* Products */,
			);
			sourceTree = "<group>";
		};
		6CE3BD562065056700F78A0B /* Products */ = {
			isa = PBXGroup;
			children = (
				6CE3BD552065056700F78A0B /* 8_bit_synth */,
			);
			name = Products;
			sourceTree = "<group>";
		};
		6CE3BD572065056700F78A0B /* 8_bit_synth */ = {
			isa = PBXGroup;
			children = (
				6CE3BD582065056700F78A0B /* main.c */,
				6C268451208A373E00FDF9A0 /* wavedealer.h */,
				6C268452208A373E00FDF9A0 /* wavedealer.c */,
				6C077F03207A433500CB5939 /* substitude.h */,
				6C077F04207A433500CB5939 /* substitude.c */,
				6C077F02207A410600CB5939 /* main.h */,
				6C077F06207A43C600CB5939 /* calculate.h */,
				6C077F07207A43C600CB5939 /* calculate.c */,
			);
			path = 8_bit_synth;
			sourceTree = "<group>";
		};
/* End PBXGroup section */

/* Begin PBXNativeTarget section */
		6CE3BD542065056700F78A0B /* 8_bit_synth */ = {
			isa = PBXNativeTarget;
			buildConfigurationList = 6CE3BD5C2065056700F78A0B /* Build configuration list for PBXNativeTarget "8_bit_synth" */;
			buildPhases = (
				6CE3BD512065056700F78A0B /* Sources */,
				6CE3BD522065056700F78A0B /* Frameworks */,
				6CE3BD532065056700F78A0B /* CopyFiles */,
			);
			buildRules = (
			);
			dependencies = (
			);
			name = 8_bit_synth;
			productName = 8_bit_synth;
			productReference = 6CE3BD552065056700F78A0B /* 8_bit_synth */;
			productType = "com.apple.product-type.tool";
		};
/* End PBXNativeTarget section */

/* Begin PBXProject section */
		6CE3BD4D2065056700F78A0B /* Project object */ = {
			isa = PBXProject;
			attributes = {
				LastUpgradeCheck = 0920;
				ORGANIZATIONNAME = "范熙来";
				TargetAttributes = {
					6CE3BD542065056700F78A0B = {
						CreatedOnToolsVersion = 9.2;
						ProvisioningStyle = Automatic;
					};
				};
			};
			buildConfigurationList = 6CE3BD502065056700F78A0B /* Build configuration list for PBXProject "8_bit_synth" */;
			compatibilityVersion = "Xcode 8.0";
			developmentRegion = en;
			hasScannedForEncodings = 0;
			knownRegions = (
				en,
			);
			mainGroup = 6CE3BD4C2065056700F78A0B;
			productRefGroup = 6CE3BD562065056700F78A0B /* Products */;
			projectDirPath = "";
			projectRoot = "";
			targets = (
				6CE3BD542065056700F78A0B /* 8_bit_synth */,
			);
		};
/* End PBXProject section */

/* Begin PBXSourcesBuildPhase section */
		6CE3BD512065056700F78A0B /* Sources */ = {
			isa = PBXSourcesBuildPhase;
			buildActionMask = 2147483647;
			files = (
				6CE3BD592065056700F78A0B /* main.c in Sources */,
				6C268453208A373E00FDF9A0 /* wavedealer.c in Sources */,
				6C077F08207A43C600CB5939 /* calculate.c in Sources */,
				6C077F05207A433500CB5939 /* substitude.c in Sources */,
			);
			runOnlyForDeploymentPostprocessing = 0;
		};
/* End PBXSourcesBuildPhase section */

/* Begin XCBuildConfiguration section */
		6CE3BD5A2065056700F78A0B /* Debug */ = {
			isa = XCBuildConfiguration;
			buildSettings = {
				ALWAYS_SEARCH_USER_PATHS = NO;
				CLANG_ANALYZER_NONNULL = YES;
				CLANG_ANALYZER_NUMBER_OBJECT_CONVERSION = YES_AGGRESSIVE;
				CLANG_CXX_LANGUAGE_STANDARD = "gnu++14";
				CLANG_CXX_LIBRARY = "libc++";
				CLANG_ENABLE_MODULES = YES;
				CLANG_ENABLE_OBJC_ARC = YES;
				CLANG_WARN_BLOCK_CAPTURE_AUTORELEASING = YES;
				CLANG_WARN_BOOL_CONVERSION = YES;
				CLANG_WARN_COMMA = YES;
				CLANG_WARN_CONSTANT_CONVERSION = YES;
				CLANG_WARN_DIRECT_OBJC_ISA_USAGE = YES_ERROR;
				CLANG_WARN_DOCUMENTATION_COMMENTS = YES;
				CLANG_WARN_EMPTY_BODY = YES;
				CLANG_WARN_ENUM_CONVERSION = YES;
				CLANG_WARN_INFINITE_RECURSION = YES;
				CLANG_WARN_INT_CONVERSION = YES;
				CLANG_WARN_NON_LITERAL_NULL_CONVERSION = YES;
				CLANG_WARN_OBJC_LITERAL_CONVERSION = YES;
				CLANG_WARN_OBJC_ROOT_CLASS = YES_ERROR;
				CLANG_WARN_RANGE_LOOP_ANALYSIS = YES;
				CLANG_WARN_STRICT_PROTOTYPES = YES;
				CLANG_WARN_SUSPICIOUS_MOVE = YES;
				CLANG_WARN_UNGUARDED_AVAILABILITY = YES_AGGRESSIVE;
				CLANG_WARN_UNREACHABLE_CODE = YES;
				CLANG_WARN__DUPLICATE_METHOD_MATCH = YES;
				CODE_SIGN_IDENTITY = "Mac Developer";
				COPY_PHASE_STRIP = NO;
				DEBUG_INFORMATION_FORMAT = dwarf;
				ENABLE_STRICT_OBJC_MSGSEND = YES;
				ENABLE_TESTABILITY = YES;
				GCC_C_LANGUAGE_STANDARD = gnu11;
				GCC_DYNAMIC_NO_PIC = NO;
				GCC_NO_COMMON_BLOCKS = YES;
				GCC_OPTIMIZATION_LEVEL = 0;
				GCC_PREPROCESSOR_DEFINITIONS = (
					"DEBUG=1",
					"$(inherited)",
				);
				GCC_WARN_64_TO_32_BIT_CONVERSION = YES;
				GCC_WARN_ABOUT_RETURN_TYPE = YES_ERROR;
				GCC_WARN_UNDECLARED_SELECTOR = YES;
				GCC_WARN_UNINITIALIZED_AUTOS = YES_AGGRESSIVE;
				GCC_WARN_UNUSED_FUNCTION = YES;
				GCC_WARN_UNUSED_VARIABLE = YES;
				MACOSX_DEPLOYMENT_TARGET = 10.13;
				MTL_ENABLE_DEBUG_INFO = YES;
				ONLY_ACTIVE_ARCH = YES;
				SDKROOT = macosx;
			};
			name = Debug;
		};
		6CE3BD5B2065056700F78A0B /* Release */ = {
			isa = XCBuildConfiguration;
			buildSettings = {
				ALWAYS_SEARCH_USER_PATHS = NO;
				CLANG_ANALYZER_NONNULL = YES;
				CLANG_ANALYZER_NUMBER_OBJECT_CONVERSION = YES_AGGRESSIVE;
				CLANG_CXX_LANGUAGE_STANDARD = "gnu++14";
				CLANG_CXX_LIBRARY = "libc++";
				CLANG_ENABLE_MODULES = YES;
				CLANG_ENABLE_OBJC_ARC = YES;
				CLANG_WARN_BLOCK_CAPTURE_AUTORELEASING = YES;
				CLANG_WARN_BOOL_CONVERSION = YES;
				CLANG_WARN_COMMA = YES;
				CLANG_WARN_CONSTANT_CONVERSION = YES;
				CLANG_WARN_DIRECT_OBJC_ISA_USAGE = YES_ERROR;
				CLANG_WARN_DOCUMENTATION_COMMENTS = YES;
				CLANG_WARN_EMPTY_BODY = YES;
				CLANG_WARN_ENUM_CONVERSION = YES;
				CLANG_WARN_INFINITE_RECURSION = YES;
				CLANG_WARN_INT_CONVERSION = YES;
				CLANG_WARN_NON_LITERAL_NULL_CONVERSION = YES;
				CLANG_WARN_OBJC_LITERAL_CONVERSION = YES;
				CLANG_WARN_OBJC_ROOT_CLASS = YES_ERROR;
				CLANG_WARN_RANGE_LOOP_ANALYSIS = YES;
				CLANG_WARN_STRICT_PROTOTYPES = YES;
				CLANG_WARN_SUSPICIOUS_MOVE = YES;
				CLANG_WARN_UNGUARDED_AVAILABILITY = YES_AGGRESSIVE;
				CLANG_WARN_UNREACHABLE_CODE = YES;
				CLANG_WARN__DUPLICATE_METHOD_MATCH = YES;
				CODE_SIGN_IDENTITY = "Mac Developer";
				COPY_PHASE_STRIP = NO;
				DEBUG_INFORMATION_FORMAT = "dwarf-with-dsym";
				ENABLE_NS_ASSERTIONS = NO;
				ENABLE_STRICT_OBJC_MSGSEND = YES;
				GCC_C_LANGUAGE_STANDARD = gnu11;
				GCC_NO_COMMON_BLOCKS = YES;
				GCC_WARN_64_TO_32_BIT_CONVERSION = YES;
				GCC_WARN_ABOUT_RETURN_TYPE = YES_ERROR;
				GCC_WARN_UNDECLARED_SELECTOR = YES;
				GCC_WARN_UNINITIALIZED_AUTOS = YES_AGGRESSIVE;
				GCC_WARN_UNUSED_FUNCTION = YES;
				GCC_WARN_UNUSED_VARIABLE = YES;
				MACOSX_DEPLOYMENT_TARGET = 10.13;
				MTL_ENABLE_DEBUG_INFO = NO;
				SDKROOT = macosx;
			};
			name = Release;
		};
		6CE3BD5D2065056700F78A0B /* Debug */ = {
			isa = XCBuildConfiguration;
			buildSettings = {
				CODE_SIGN_STYLE = Automatic;
				DEVELOPMENT_TEAM = 4F8Q5DK5ZA;
				PRODUCT_NAME = "$(TARGET_NAME)";
			};
			name = Debug;
		};
		6CE3BD5E2065056700F78A0B /* Release */ = {
			isa = XCBuildConfiguration;
			buildSettings = {
				CODE_SIGN_STYLE = Automatic;
				DEVELOPMENT_TEAM = 4F8Q5DK5ZA;
				PRODUCT_NAME = "$(TARGET_NAME)";
			};
			name = Release;
		};
/* End XCBuildConfiguration section */

/* Begin XCConfigurationList section */
		6CE3BD502065056700F78A0B /* Build configuration list for PBXProject "8_bit_synth" */ = {
			isa = XCConfigurationList;
			buildConfigurations = (
				6CE3BD5A2065056700F78A0B /* Debug */,
				6CE3BD5B2065056700F78A0B /* Release */,
			);
			defaultConfigurationIsVisible = 0;
			defaultConfigurationName = Release;
		};
		6CE3BD5C2065056700F78A0B /* Build configuration list for PBXNativeTarget "8_bit_synth" */ = {
			isa = XCConfigurationList;
			buildConfigurations = (
				6CE3BD5D2065056700F78A0B /* Debug */,
				6CE3BD5E2065056700F78A0B /* Release */,
			);
			defaultConfigurationIsVisible = 0;
			defaultConfigurationName = Release;
		};
/* End XCConfigurationList section */
	};
	rootObject = 6CE3BD4D2065056700F78A0B /* Project object */;
}
